// !$*UTF8*$!
{
	archiveVersion = 1;
	classes = {
	};
	objectVersion = 55;
	objects = {

/* Begin PBXBuildFile section */
		8757FEB62862C7EF00672FF4 /* AppDelegate.swift in Sources */ = {isa = PBXBuildFile; fileRef = 8757FEB52862C7EF00672FF4 /* AppDelegate.swift */; };
		8757FEB82862C7EF00672FF4 /* SceneDelegate.swift in Sources */ = {isa = PBXBuildFile; fileRef = 8757FEB72862C7EF00672FF4 /* SceneDelegate.swift */; };
		8757FEBA2862C7EF00672FF4 /* ViewController.swift in Sources */ = {isa = PBXBuildFile; fileRef = 8757FEB92862C7EF00672FF4 /* ViewController.swift */; };
		8757FEBD2862C7EF00672FF4 /* Main.storyboard in Resources */ = {isa = PBXBuildFile; fileRef = 8757FEBB2862C7EF00672FF4 /* Main.storyboard */; };
		8757FEBF2862C7F100672FF4 /* Assets.xcassets in Resources */ = {isa = PBXBuildFile; fileRef = 8757FEBE2862C7F100672FF4 /* Assets.xcassets */; };
		8757FEC22862C7F100672FF4 /* LaunchScreen.storyboard in Resources */ = {isa = PBXBuildFile; fileRef = 8757FEC02862C7F100672FF4 /* LaunchScreen.storyboard */; };
		8757FECD2862C7F100672FF4 /* DynamicCollectionViewTests.swift in Sources */ = {isa = PBXBuildFile; fileRef = 8757FECC2862C7F100672FF4 /* DynamicCollectionViewTests.swift */; };
		8757FED72862C7F100672FF4 /* DynamicCollectionViewUITests.swift in Sources */ = {isa = PBXBuildFile; fileRef = 8757FED62862C7F100672FF4 /* DynamicCollectionViewUITests.swift */; };
		8757FED92862C7F100672FF4 /* DynamicCollectionViewUITestsLaunchTests.swift in Sources */ = {isa = PBXBuildFile; fileRef = 8757FED82862C7F100672FF4 /* DynamicCollectionViewUITestsLaunchTests.swift */; };
		8757FEE72862C8A300672FF4 /* DynamicHeightViewModel.swift in Sources */ = {isa = PBXBuildFile; fileRef = 8757FEE62862C8A300672FF4 /* DynamicHeightViewModel.swift */; };
		8757FEEA2862CA5D00672FF4 /* DynamicHeightCollectionViewCell.swift in Sources */ = {isa = PBXBuildFile; fileRef = 8757FEE92862CA5D00672FF4 /* DynamicHeightCollectionViewCell.swift */; };
/* End PBXBuildFile section */

/* Begin PBXContainerItemProxy section */
		8757FEC92862C7F100672FF4 /* PBXContainerItemProxy */ = {
			isa = PBXContainerItemProxy;
			containerPortal = 8757FEAA2862C7EF00672FF4 /* Project object */;
			proxyType = 1;
			remoteGlobalIDString = 8757FEB12862C7EF00672FF4;
			remoteInfo = DynamicCollectionView;
		};
		8757FED32862C7F100672FF4 /* PBXContainerItemProxy */ = {
			isa = PBXContainerItemProxy;
			containerPortal = 8757FEAA2862C7EF00672FF4 /* Project object */;
			proxyType = 1;
			remoteGlobalIDString = 8757FEB12862C7EF00672FF4;
			remoteInfo = DynamicCollectionView;
		};
/* End PBXContainerItemProxy section */

/* Begin PBXFileReference section */
		8757FEB22862C7EF00672FF4 /* DynamicCollectionView.app */ = {isa = PBXFileReference; explicitFileType = wrapper.application; includeInIndex = 0; path = DynamicCollectionView.app; sourceTree = BUILT_PRODUCTS_DIR; };
		8757FEB52862C7EF00672FF4 /* AppDelegate.swift */ = {isa = PBXFileReference; lastKnownFileType = sourcecode.swift; path = AppDelegate.swift; sourceTree = "<group>"; };
		8757FEB72862C7EF00672FF4 /* SceneDelegate.swift */ = {isa = PBXFileReference; lastKnownFileType = sourcecode.swift; path = SceneDelegate.swift; sourceTree = "<group>"; };
		8757FEB92862C7EF00672FF4 /* ViewController.swift */ = {isa = PBXFileReference; lastKnownFileType = sourcecode.swift; path = ViewController.swift; sourceTree = "<group>"; };
		8757FEBC2862C7EF00672FF4 /* Base */ = {isa = PBXFileReference; lastKnownFileType = file.storyboard; name = Base; path = Base.lproj/Main.storyboard; sourceTree = "<group>"; };
		8757FEBE2862C7F100672FF4 /* Assets.xcassets */ = {isa = PBXFileReference; lastKnownFileType = folder.assetcatalog; path = Assets.xcassets; sourceTree = "<group>"; };
		8757FEC12862C7F100672FF4 /* Base */ = {isa = PBXFileReference; lastKnownFileType = file.storyboard; name = Base; path = Base.lproj/LaunchScreen.storyboard; sourceTree = "<group>"; };
		8757FEC32862C7F100672FF4 /* Info.plist */ = {isa = PBXFileReference; lastKnownFileType = text.plist.xml; path = Info.plist; sourceTree = "<group>"; };
		8757FEC82862C7F100672FF4 /* DynamicCollectionViewTests.xctest */ = {isa = PBXFileReference; explicitFileType = wrapper.cfbundle; includeInIndex = 0; path = DynamicCollectionViewTests.xctest; sourceTree = BUILT_PRODUCTS_DIR; };
		8757FECC2862C7F100672FF4 /* DynamicCollectionViewTests.swift */ = {isa = PBXFileReference; lastKnownFileType = sourcecode.swift; path = DynamicCollectionViewTests.swift; sourceTree = "<group>"; };
		8757FED22862C7F100672FF4 /* DynamicCollectionViewUITests.xctest */ = {isa = PBXFileReference; explicitFileType = wrapper.cfbundle; includeInIndex = 0; path = DynamicCollectionViewUITests.xctest; sourceTree = BUILT_PRODUCTS_DIR; };
		8757FED62862C7F100672FF4 /* DynamicCollectionViewUITests.swift */ = {isa = PBXFileReference; lastKnownFileType = sourcecode.swift; path = DynamicCollectionViewUITests.swift; sourceTree = "<group>"; };
		8757FED82862C7F100672FF4 /* DynamicCollectionViewUITestsLaunchTests.swift */ = {isa = PBXFileReference; lastKnownFileType = sourcecode.swift; path = DynamicCollectionViewUITestsLaunchTests.swift; sourceTree = "<group>"; };
		8757FEE62862C8A300672FF4 /* DynamicHeightViewModel.swift */ = {isa = PBXFileReference; lastKnownFileType = sourcecode.swift; path = DynamicHeightViewModel.swift; sourceTree = "<group>"; };
		8757FEE92862CA5D00672FF4 /* DynamicHeightCollectionViewCell.swift */ = {isa = PBXFileReference; lastKnownFileType = sourcecode.swift; path = DynamicHeightCollectionViewCell.swift; sourceTree = "<group>"; };
/* End PBXFileReference section */

/* Begin PBXFrameworksBuildPhase section */
		8757FEAF2862C7EF00672FF4 /* Frameworks */ = {
			isa = PBXFrameworksBuildPhase;
			buildActionMask = 2147483647;
			files = (
			);
			runOnlyForDeploymentPostprocessing = 0;
		};
		8757FEC52862C7F100672FF4 /* Frameworks */ = {
			isa = PBXFrameworksBuildPhase;
			buildActionMask = 2147483647;
			files = (
			);
			runOnlyForDeploymentPostprocessing = 0;
		};
		8757FECF2862C7F100672FF4 /* Frameworks */ = {
			isa = PBXFrameworksBuildPhase;
			buildActionMask = 2147483647;
			files = (
			);
			runOnlyForDeploymentPostprocessing = 0;
		};
/* End PBXFrameworksBuildPhase section */

/* Begin PBXGroup section */
		8757FEA92862C7EF00672FF4 = {
			isa = PBXGroup;
			children = (
				8757FEB42862C7EF00672FF4 /* DynamicCollectionView */,
				8757FECB2862C7F100672FF4 /* DynamicCollectionViewTests */,
				8757FED52862C7F100672FF4 /* DynamicCollectionViewUITests */,
				8757FEB32862C7EF00672FF4 /* Products */,
			);
			sourceTree = "<group>";
		};
		8757FEB32862C7EF00672FF4 /* Products */ = {
			isa = PBXGroup;
			children = (
				8757FEB22862C7EF00672FF4 /* DynamicCollectionView.app */,
				8757FEC82862C7F100672FF4 /* DynamicCollectionViewTests.xctest */,
				8757FED22862C7F100672FF4 /* DynamicCollectionViewUITests.xctest */,
			);
			name = Products;
			sourceTree = "<group>";
		};
		8757FEB42862C7EF00672FF4 /* DynamicCollectionView */ = {
			isa = PBXGroup;
			children = (
				8757FEE82862CA3F00672FF4 /* Cells */,
				8757FEE52862C87C00672FF4 /* ViewModel */,
				8757FEB52862C7EF00672FF4 /* AppDelegate.swift */,
				8757FEB72862C7EF00672FF4 /* SceneDelegate.swift */,
				8757FEB92862C7EF00672FF4 /* ViewController.swift */,
				8757FEBB2862C7EF00672FF4 /* Main.storyboard */,
				8757FEBE2862C7F100672FF4 /* Assets.xcassets */,
				8757FEC02862C7F100672FF4 /* LaunchScreen.storyboard */,
				8757FEC32862C7F100672FF4 /* Info.plist */,
			);
			path = DynamicCollectionView;
			sourceTree = "<group>";
		};
		8757FECB2862C7F100672FF4 /* DynamicCollectionViewTests */ = {
			isa = PBXGroup;
			children = (
				8757FECC2862C7F100672FF4 /* DynamicCollectionViewTests.swift */,
			);
			path = DynamicCollectionViewTests;
			sourceTree = "<group>";
		};
		8757FED52862C7F100672FF4 /* DynamicCollectionViewUITests */ = {
			isa = PBXGroup;
			children = (
				8757FED62862C7F100672FF4 /* DynamicCollectionViewUITests.swift */,
				8757FED82862C7F100672FF4 /* DynamicCollectionViewUITestsLaunchTests.swift */,
			);
			path = DynamicCollectionViewUITests;
			sourceTree = "<group>";
		};
		8757FEE52862C87C00672FF4 /* ViewModel */ = {
			isa = PBXGroup;
			children = (
				8757FEE62862C8A300672FF4 /* DynamicHeightViewModel.swift */,
			);
			path = ViewModel;
			sourceTree = "<group>";
		};
		8757FEE82862CA3F00672FF4 /* Cells */ = {
			isa = PBXGroup;
			children = (
				8757FEE92862CA5D00672FF4 /* DynamicHeightCollectionViewCell.swift */,
			);
			path = Cells;
			sourceTree = "<group>";
		};
/* End PBXGroup section */

/* Begin PBXNativeTarget section */
		8757FEB12862C7EF00672FF4 /* DynamicCollectionView */ = {
			isa = PBXNativeTarget;
			buildConfigurationList = 8757FEDC2862C7F100672FF4 /* Build configuration list for PBXNativeTarget "DynamicCollectionView" */;
			buildPhases = (
				8757FEAE2862C7EF00672FF4 /* Sources */,
				8757FEAF2862C7EF00672FF4 /* Frameworks */,
				8757FEB02862C7EF00672FF4 /* Resources */,
			);
			buildRules = (
			);
			dependencies = (
			);
			name = DynamicCollectionView;
			productName = DynamicCollectionView;
			productReference = 8757FEB22862C7EF00672FF4 /* DynamicCollectionView.app */;
			productType = "com.apple.product-type.application";
		};
		8757FEC72862C7F100672FF4 /* DynamicCollectionViewTests */ = {
			isa = PBXNativeTarget;
			buildConfigurationList = 8757FEDF2862C7F100672FF4 /* Build configuration list for PBXNativeTarget "DynamicCollectionViewTests" */;
			buildPhases = (
				8757FEC42862C7F100672FF4 /* Sources */,
				8757FEC52862C7F100672FF4 /* Frameworks */,
				8757FEC62862C7F100672FF4 /* Resources */,
			);
			buildRules = (
			);
			dependencies = (
				8757FECA2862C7F100672FF4 /* PBXTargetDependency */,
			);
			name = DynamicCollectionViewTests;
			productName = DynamicCollectionViewTests;
			productReference = 8757FEC82862C7F100672FF4 /* DynamicCollectionViewTests.xctest */;
			productType = "com.apple.product-type.bundle.unit-test";
		};
		8757FED12862C7F100672FF4 /* DynamicCollectionViewUITests */ = {
			isa = PBXNativeTarget;
			buildConfigurationList = 8757FEE22862C7F100672FF4 /* Build configuration list for PBXNativeTarget "DynamicCollectionViewUITests" */;
			buildPhases = (
				8757FECE2862C7F100672FF4 /* Sources */,
				8757FECF2862C7F100672FF4 /* Frameworks */,
				8757FED02862C7F100672FF4 /* Resources */,
			);
			buildRules = (
			);
			dependencies = (
				8757FED42862C7F100672FF4 /* PBXTargetDependency */,
			);
			name = DynamicCollectionViewUITests;
			productName = DynamicCollectionViewUITests;
			productReference = 8757FED22862C7F100672FF4 /* DynamicCollectionViewUITests.xctest */;
			productType = "com.apple.product-type.bundle.ui-testing";
		};
/* End PBXNativeTarget section */

/* Begin PBXProject section */
		8757FEAA2862C7EF00672FF4 /* Project object */ = {
			isa = PBXProject;
			attributes = {
				BuildIndependentTargetsInParallel = 1;
				LastSwiftUpdateCheck = 1340;
				LastUpgradeCheck = 1340;
				TargetAttributes = {
					8757FEB12862C7EF00672FF4 = {
						CreatedOnToolsVersion = 13.4.1;
					};
					8757FEC72862C7F100672FF4 = {
						CreatedOnToolsVersion = 13.4.1;
						TestTargetID = 8757FEB12862C7EF00672FF4;
					};
					8757FED12862C7F100672FF4 = {
						CreatedOnToolsVersion = 13.4.1;
						TestTargetID = 8757FEB12862C7EF00672FF4;
					};
				};
			};
			buildConfigurationList = 8757FEAD2862C7EF00672FF4 /* Build configuration list for PBXProject "DynamicCollectionView" */;
			compatibilityVersion = "Xcode 13.0";
			developmentRegion = en;
			hasScannedForEncodings = 0;
			knownRegions = (
				en,
				Base,
			);
			mainGroup = 8757FEA92862C7EF00672FF4;
			productRefGroup = 8757FEB32862C7EF00672FF4 /* Products */;
			projectDirPath = "";
			projectRoot = "";
			targets = (
				8757FEB12862C7EF00672FF4 /* DynamicCollectionView */,
				8757FEC72862C7F100672FF4 /* DynamicCollectionViewTests */,
				8757FED12862C7F100672FF4 /* DynamicCollectionViewUITests */,
			);
		};
/* End PBXProject section */

/* Begin PBXResourcesBuildPhase section */
		8757FEB02862C7EF00672FF4 /* Resources */ = {
			isa = PBXResourcesBuildPhase;
			buildActionMask = 2147483647;
			files = (
				8757FEC22862C7F100672FF4 /* LaunchScreen.storyboard in Resources */,
				8757FEBF2862C7F100672FF4 /* Assets.xcassets in Resources */,
				8757FEBD2862C7EF00672FF4 /* Main.storyboard in Resources */,
			);
			runOnlyForDeploymentPostprocessing = 0;
		};
		8757FEC62862C7F100672FF4 /* Resources */ = {
			isa = PBXResourcesBuildPhase;
			buildActionMask = 2147483647;
			files = (
			);
			runOnlyForDeploymentPostprocessing = 0;
		};
		8757FED02862C7F100672FF4 /* Resources */ = {
			isa = PBXResourcesBuildPhase;
			buildActionMask = 2147483647;
			files = (
			);
			runOnlyForDeploymentPostprocessing = 0;
		};
/* End PBXResourcesBuildPhase section */

/* Begin PBXSourcesBuildPhase section */
		8757FEAE2862C7EF00672FF4 /* Sources */ = {
			isa = PBXSourcesBuildPhase;
			buildActionMask = 2147483647;
			files = (
				8757FEEA2862CA5D00672FF4 /* DynamicHeightCollectionViewCell.swift in Sources */,
				8757FEBA2862C7EF00672FF4 /* ViewController.swift in Sources */,
				8757FEE72862C8A300672FF4 /* DynamicHeightViewModel.swift in Sources */,
				8757FEB62862C7EF00672FF4 /* AppDelegate.swift in Sources */,
				8757FEB82862C7EF00672FF4 /* SceneDelegate.swift in Sources */,
			);
			runOnlyForDeploymentPostprocessing = 0;
		};
		8757FEC42862C7F100672FF4 /* Sources */ = {
			isa = PBXSourcesBuildPhase;
			buildActionMask = 2147483647;
			files = (
				8757FECD2862C7F100672FF4 /* DynamicCollectionViewTests.swift in Sources */,
			);
			runOnlyForDeploymentPostprocessing = 0;
		};
		8757FECE2862C7F100672FF4 /* Sources */ = {
			isa = PBXSourcesBuildPhase;
			buildActionMask = 2147483647;
			files = (
				8757FED72862C7F100672FF4 /* DynamicCollectionViewUITests.swift in Sources */,
				8757FED92862C7F100672FF4 /* DynamicCollectionViewUITestsLaunchTests.swift in Sources */,
			);
			runOnlyForDeploymentPostprocessing = 0;
		};
/* End PBXSourcesBuildPhase section */

/* Begin PBXTargetDependency section */
		8757FECA2862C7F100672FF4 /* PBXTargetDependency */ = {
			isa = PBXTargetDependency;
			target = 8757FEB12862C7EF00672FF4 /* DynamicCollectionView */;
			targetProxy = 8757FEC92862C7F100672FF4 /* PBXContainerItemProxy */;
		};
		8757FED42862C7F100672FF4 /* PBXTargetDependency */ = {
			isa = PBXTargetDependency;
			target = 8757FEB12862C7EF00672FF4 /* DynamicCollectionView */;
			targetProxy = 8757FED32862C7F100672FF4 /* PBXContainerItemProxy */;
		};
/* End PBXTargetDependency section */

/* Begin PBXVariantGroup section */
		8757FEBB2862C7EF00672FF4 /* Main.storyboard */ = {
			isa = PBXVariantGroup;
			children = (
				8757FEBC2862C7EF00672FF4 /* Base */,
			);
			name = Main.storyboard;
			sourceTree = "<group>";
		};
		8757FEC02862C7F100672FF4 /* LaunchScreen.storyboard */ = {
			isa = PBXVariantGroup;
			children = (
				8757FEC12862C7F100672FF4 /* Base */,
			);
			name = LaunchScreen.storyboard;
			sourceTree = "<group>";
		};
/* End PBXVariantGroup section */

/* Begin XCBuildConfiguration section */
		8757FEDA2862C7F100672FF4 /* Debug */ = {
			isa = XCBuildConfiguration;
			buildSettings = {
				ALWAYS_SEARCH_USER_PATHS = NO;
				CLANG_ANALYZER_NONNULL = YES;
				CLANG_ANALYZER_NUMBER_OBJECT_CONVERSION = YES_AGGRESSIVE;
				CLANG_CXX_LANGUAGE_STANDARD = "gnu++17";
				CLANG_ENABLE_MODULES = YES;
				CLANG_ENABLE_OBJC_ARC = YES;
				CLANG_ENABLE_OBJC_WEAK = YES;
				CLANG_WARN_BLOCK_CAPTURE_AUTORELEASING = YES;
				CLANG_WARN_BOOL_CONVERSION = YES;
				CLANG_WARN_COMMA = YES;
				CLANG_WARN_CONSTANT_CONVERSION = YES;
				CLANG_WARN_DEPRECATED_OBJC_IMPLEMENTATIONS = YES;
				CLANG_WARN_DIRECT_OBJC_ISA_USAGE = YES_ERROR;
				CLANG_WARN_DOCUMENTATION_COMMENTS = YES;
				CLANG_WARN_EMPTY_BODY = YES;
				CLANG_WARN_ENUM_CONVERSION = YES;
				CLANG_WARN_INFINITE_RECURSION = YES;
				CLANG_WARN_INT_CONVERSION = YES;
				CLANG_WARN_NON_LITERAL_NULL_CONVERSION = YES;
				CLANG_WARN_OBJC_IMPLICIT_RETAIN_SELF = YES;
				CLANG_WARN_OBJC_LITERAL_CONVERSION = YES;
				CLANG_WARN_OBJC_ROOT_CLASS = YES_ERROR;
				CLANG_WARN_QUOTED_INCLUDE_IN_FRAMEWORK_HEADER = YES;
				CLANG_WARN_RANGE_LOOP_ANALYSIS = YES;
				CLANG_WARN_STRICT_PROTOTYPES = YES;
				CLANG_WARN_SUSPICIOUS_MOVE = YES;
				CLANG_WARN_UNGUARDED_AVAILABILITY = YES_AGGRESSIVE;
				CLANG_WARN_UNREACHABLE_CODE = YES;
				CLANG_WARN__DUPLICATE_METHOD_MATCH = YES;
				COPY_PHASE_STRIP = NO;
				DEBUG_INFORMATION_FORMAT = dwarf;
				ENABLE_STRICT_OBJC_MSGSEND = YES;
				ENABLE_TESTABILITY = YES;
				GCC_C_LANGUAGE_STANDARD = gnu11;
				GCC_DYNAMIC_NO_PIC = NO;
				GCC_NO_COMMON_BLOCKS = YES;
				GCC_OPTIMIZATION_LEVEL = 0;
				GCC_PREPROCESSOR_DEFINITIONS = (
					"DEBUG=1",
					"$(inherited)",
				);
				GCC_WARN_64_TO_32_BIT_CONVERSION = YES;
				GCC_WARN_ABOUT_RETURN_TYPE = YES_ERROR;
				GCC_WARN_UNDECLARED_SELECTOR = YES;
				GCC_WARN_UNINITIALIZED_AUTOS = YES_AGGRESSIVE;
				GCC_WARN_UNUSED_FUNCTION = YES;
				GCC_WARN_UNUSED_VARIABLE = YES;
				IPHONEOS_DEPLOYMENT_TARGET = 15.5;
				MTL_ENABLE_DEBUG_INFO = INCLUDE_SOURCE;
				MTL_FAST_MATH = YES;
				ONLY_ACTIVE_ARCH = YES;
				SDKROOT = iphoneos;
				SWIFT_ACTIVE_COMPILATION_CONDITIONS = DEBUG;
				SWIFT_OPTIMIZATION_LEVEL = "-Onone";
			};
			name = Debug;
		};
		8757FEDB2862C7F100672FF4 /* Release */ = {
			isa = XCBuildConfiguration;
			buildSettings = {
				ALWAYS_SEARCH_USER_PATHS = NO;
				CLANG_ANALYZER_NONNULL = YES;
				CLANG_ANALYZER_NUMBER_OBJECT_CONVERSION = YES_AGGRESSIVE;
				CLANG_CXX_LANGUAGE_STANDARD = "gnu++17";
				CLANG_ENABLE_MODULES = YES;
				CLANG_ENABLE_OBJC_ARC = YES;
				CLANG_ENABLE_OBJC_WEAK = YES;
				CLANG_WARN_BLOCK_CAPTURE_AUTORELEASING = YES;
				CLANG_WARN_BOOL_CONVERSION = YES;
				CLANG_WARN_COMMA = YES;
				CLANG_WARN_CONSTANT_CONVERSION = YES;
				CLANG_WARN_DEPRECATED_OBJC_IMPLEMENTATIONS = YES;
				CLANG_WARN_DIRECT_OBJC_ISA_USAGE = YES_ERROR;
				CLANG_WARN_DOCUMENTATION_COMMENTS = YES;
				CLANG_WARN_EMPTY_BODY = YES;
				CLANG_WARN_ENUM_CONVERSION = YES;
				CLANG_WARN_INFINITE_RECURSION = YES;
				CLANG_WARN_INT_CONVERSION = YES;
				CLANG_WARN_NON_LITERAL_NULL_CONVERSION = YES;
				CLANG_WARN_OBJC_IMPLICIT_RETAIN_SELF = YES;
				CLANG_WARN_OBJC_LITERAL_CONVERSION = YES;
				CLANG_WARN_OBJC_ROOT_CLASS = YES_ERROR;
				CLANG_WARN_QUOTED_INCLUDE_IN_FRAMEWORK_HEADER = YES;
				CLANG_WARN_RANGE_LOOP_ANALYSIS = YES;
				CLANG_WARN_STRICT_PROTOTYPES = YES;
				CLANG_WARN_SUSPICIOUS_MOVE = YES;
				CLANG_WARN_UNGUARDED_AVAILABILITY = YES_AGGRESSIVE;
				CLANG_WARN_UNREACHABLE_CODE = YES;
				CLANG_WARN__DUPLICATE_METHOD_MATCH = YES;
				COPY_PHASE_STRIP = NO;
				DEBUG_INFORMATION_FORMAT = "dwarf-with-dsym";
				ENABLE_NS_ASSERTIONS = NO;
				ENABLE_STRICT_OBJC_MSGSEND = YES;
				GCC_C_LANGUAGE_STANDARD = gnu11;
				GCC_NO_COMMON_BLOCKS = YES;
				GCC_WARN_64_TO_32_BIT_CONVERSION = YES;
				GCC_WARN_ABOUT_RETURN_TYPE = YES_ERROR;
				GCC_WARN_UNDECLARED_SELECTOR = YES;
				GCC_WARN_UNINITIALIZED_AUTOS = YES_AGGRESSIVE;
				GCC_WARN_UNUSED_FUNCTION = YES;
				GCC_WARN_UNUSED_VARIABLE = YES;
				IPHONEOS_DEPLOYMENT_TARGET = 15.5;
				MTL_ENABLE_DEBUG_INFO = NO;
				MTL_FAST_MATH = YES;
				SDKROOT = iphoneos;
				SWIFT_COMPILATION_MODE = wholemodule;
				SWIFT_OPTIMIZATION_LEVEL = "-O";
				VALIDATE_PRODUCT = YES;
			};
			name = Release;
		};
		8757FEDD2862C7F100672FF4 /* Debug */ = {
			isa = XCBuildConfiguration;
			buildSettings = {
				ASSETCATALOG_COMPILER_APPICON_NAME = AppIcon;
				ASSETCATALOG_COMPILER_GLOBAL_ACCENT_COLOR_NAME = AccentColor;
				CODE_SIGN_STYLE = Automatic;
				CURRENT_PROJECT_VERSION = 1;
				GENERATE_INFOPLIST_FILE = YES;
				INFOPLIST_FILE = DynamicCollectionView/Info.plist;
				INFOPLIST_KEY_UIApplicationSupportsIndirectInputEvents = YES;
				INFOPLIST_KEY_UILaunchStoryboardName = LaunchScreen;
				INFOPLIST_KEY_UIMainStoryboardFile = Main;
				INFOPLIST_KEY_UISupportedInterfaceOrientations_iPad = "UIInterfaceOrientationPortrait UIInterfaceOrientationPortraitUpsideDown UIInterfaceOrientationLandscapeLeft UIInterfaceOrientationLandscapeRight";
				INFOPLIST_KEY_UISupportedInterfaceOrientations_iPhone = "UIInterfaceOrientationPortrait UIInterfaceOrientationLandscapeLeft UIInterfaceOrientationLandscapeRight";
				LD_RUNPATH_SEARCH_PATHS = (
					"$(inherited)",
					"@executable_path/Frameworks",
				);
				MARKETING_VERSION = 1.0;
				PRODUCT_BUNDLE_IDENTIFIER = test.DynamicCollectionView;
				PRODUCT_NAME = "$(TARGET_NAME)";
				SWIFT_EMIT_LOC_STRINGS = YES;
				SWIFT_VERSION = 5.0;
				TARGETED_DEVICE_FAMILY = "1,2";
			};
			name = Debug;
		};
		8757FEDE2862C7F100672FF4 /* Release */ = {
			isa = XCBuildConfiguration;
			buildSettings = {
				ASSETCATALOG_COMPILER_APPICON_NAME = AppIcon;
				ASSETCATALOG_COMPILER_GLOBAL_ACCENT_COLOR_NAME = AccentColor;
				CODE_SIGN_STYLE = Automatic;
				CURRENT_PROJECT_VERSION = 1;
				GENERATE_INFOPLIST_FILE = YES;
				INFOPLIST_FILE = DynamicCollectionView/Info.plist;
				INFOPLIST_KEY_UIApplicationSupportsIndirectInputEvents = YES;
				INFOPLIST_KEY_UILaunchStoryboardName = LaunchScreen;
				INFOPLIST_KEY_UIMainStoryboardFile = Main;
				INFOPLIST_KEY_UISupportedInterfaceOrientations_iPad = "UIInterfaceOrientationPortrait UIInterfaceOrientationPortraitUpsideDown UIInterfaceOrientationLandscapeLeft UIInterfaceOrientationLandscapeRight";
				INFOPLIST_KEY_UISupportedInterfaceOrientations_iPhone = "UIInterfaceOrientationPortrait UIInterfaceOrientationLandscapeLeft UIInterfaceOrientationLandscapeRight";
				LD_RUNPATH_SEARCH_PATHS = (
					"$(inherited)",
					"@executable_path/Frameworks",
				);
				MARKETING_VERSION = 1.0;
				PRODUCT_BUNDLE_IDENTIFIER = test.DynamicCollectionView;
				PRODUCT_NAME = "$(TARGET_NAME)";
				SWIFT_EMIT_LOC_STRINGS = YES;
				SWIFT_VERSION = 5.0;
				TARGETED_DEVICE_FAMILY = "1,2";
			};
			name = Release;
		};
		8757FEE02862C7F100672FF4 /* Debug */ = {
			isa = XCBuildConfiguration;
			buildSettings = {
				ALWAYS_EMBED_SWIFT_STANDARD_LIBRARIES = YES;
				BUNDLE_LOADER = "$(TEST_HOST)";
				CODE_SIGN_STYLE = Automatic;
				CURRENT_PROJECT_VERSION = 1;
				GENERATE_INFOPLIST_FILE = YES;
				IPHONEOS_DEPLOYMENT_TARGET = 15.5;
				MARKETING_VERSION = 1.0;
				PRODUCT_BUNDLE_IDENTIFIER = test.DynamicCollectionViewTests;
				PRODUCT_NAME = "$(TARGET_NAME)";
				SWIFT_EMIT_LOC_STRINGS = NO;
				SWIFT_VERSION = 5.0;
				TARGETED_DEVICE_FAMILY = "1,2";
				TEST_HOST = "$(BUILT_PRODUCTS_DIR)/DynamicCollectionView.app/DynamicCollectionView";
			};
			name = Debug;
		};
		8757FEE12862C7F100672FF4 /* Release */ = {
			isa = XCBuildConfiguration;
			buildSettings = {
				ALWAYS_EMBED_SWIFT_STANDARD_LIBRARIES = YES;
				BUNDLE_LOADER = "$(TEST_HOST)";
				CODE_SIGN_STYLE = Automatic;
				CURRENT_PROJECT_VERSION = 1;
				GENERATE_INFOPLIST_FILE = YES;
				IPHONEOS_DEPLOYMENT_TARGET = 15.5;
				MARKETING_VERSION = 1.0;
				PRODUCT_BUNDLE_IDENTIFIER = test.DynamicCollectionViewTests;
				PRODUCT_NAME = "$(TARGET_NAME)";
				SWIFT_EMIT_LOC_STRINGS = NO;
				SWIFT_VERSION = 5.0;
				TARGETED_DEVICE_FAMILY = "1,2";
				TEST_HOST = "$(BUILT_PRODUCTS_DIR)/DynamicCollectionView.app/DynamicCollectionView";
			};
			name = Release;
		};
		8757FEE32862C7F100672FF4 /* Debug */ = {
			isa = XCBuildConfiguration;
			buildSettings = {
				ALWAYS_EMBED_SWIFT_STANDARD_LIBRARIES = YES;
				CODE_SIGN_STYLE = Automatic;
				CURRENT_PROJECT_VERSION = 1;
				GENERATE_INFOPLIST_FILE = YES;
				MARKETING_VERSION = 1.0;
				PRODUCT_BUNDLE_IDENTIFIER = test.DynamicCollectionViewUITests;
				PRODUCT_NAME = "$(TARGET_NAME)";
				SWIFT_EMIT_LOC_STRINGS = NO;
				SWIFT_VERSION = 5.0;
				TARGETED_DEVICE_FAMILY = "1,2";
				TEST_TARGET_NAME = DynamicCollectionView;
			};
			name = Debug;
		};
		8757FEE42862C7F100672FF4 /* Release */ = {
			isa = XCBuildConfiguration;
			buildSettings = {
				ALWAYS_EMBED_SWIFT_STANDARD_LIBRARIES = YES;
				CODE_SIGN_STYLE = Automatic;
				CURRENT_PROJECT_VERSION = 1;
				GENERATE_INFOPLIST_FILE = YES;
				MARKETING_VERSION = 1.0;
				PRODUCT_BUNDLE_IDENTIFIER = test.DynamicCollectionViewUITests;
				PRODUCT_NAME = "$(TARGET_NAME)";
				SWIFT_EMIT_LOC_STRINGS = NO;
				SWIFT_VERSION = 5.0;
				TARGETED_DEVICE_FAMILY = "1,2";
				TEST_TARGET_NAME = DynamicCollectionView;
			};
			name = Release;
		};
/* End XCBuildConfiguration section */

/* Begin XCConfigurationList section */
		8757FEAD2862C7EF00672FF4 /* Build configuration list for PBXProject "DynamicCollectionView" */ = {
			isa = XCConfigurationList;
			buildConfigurations = (
				8757FEDA2862C7F100672FF4 /* Debug */,
				8757FEDB2862C7F100672FF4 /* Release */,
			);
			defaultConfigurationIsVisible = 0;
			defaultConfigurationName = Release;
		};
		8757FEDC2862C7F100672FF4 /* Build configuration list for PBXNativeTarget "DynamicCollectionView" */ = {
			isa = XCConfigurationList;
			buildConfigurations = (
				8757FEDD2862C7F100672FF4 /* Debug */,
				8757FEDE2862C7F100672FF4 /* Release */,
			);
			defaultConfigurationIsVisible = 0;
			defaultConfigurationName = Release;
		};
		8757FEDF2862C7F100672FF4 /* Build configuration list for PBXNativeTarget "DynamicCollectionViewTests" */ = {
			isa = XCConfigurationList;
			buildConfigurations = (
				8757FEE02862C7F100672FF4 /* Debug */,
				8757FEE12862C7F100672FF4 /* Release */,
			);
			defaultConfigurationIsVisible = 0;
			defaultConfigurationName = Release;
		};
		8757FEE22862C7F100672FF4 /* Build configuration list for PBXNativeTarget "DynamicCollectionViewUITests" */ = {
			isa = XCConfigurationList;
			buildConfigurations = (
				8757FEE32862C7F100672FF4 /* Debug */,
				8757FEE42862C7F100672FF4 /* Release */,
			);
			defaultConfigurationIsVisible = 0;
			defaultConfigurationName = Release;
		};
/* End XCConfigurationList section */
	};
	rootObject = 8757FEAA2862C7EF00672FF4 /* Project object */;
}
